{
  "object": {
    "pins": [
      {
        "package": "SizUI",
        "repositoryURL": "https://github.com/Sizuha/SizUI-iOS",
        "state": {
          "branch": "master",
          "revision": "ff98b415b049f48a45a6023856148686f5eb7a8a",
          "version": null
        }
      },
      {
        "package": "SizUtil",
        "repositoryURL": "https://github.com/Sizuha/SizUtil-iOS",
        "state": {
          "branch": "master",
          "revision": "0a54dc292a140fbf667a7395a6b4157f7b58fbdf",
          "version": null
        }
      },
      {
        "package": "SQuery",
        "repositoryURL": "https://github.com/Sizuha/squery-swift",
        "state": {
          "branch": "master",
          "revision": "5a0140dc2e3c45e4c91a26a6f1f3ae9a0c55fd67",
          "version": null
        }
      }
    ]
  },
  "version": 1
}
