{
  "pins" : [
    {
      "identity" : "sizui-ios",
      "kind" : "remoteSourceControl",
      "location" : "https://github.com/Sizuha/SizUI-iOS",
      "state" : {
        "branch" : "dev",
        "revision" : "f20ba634b7457daaf7757a29be2a15f2ed8285fa"
      }
    },
    {
      "identity" : "sizutil-ios",
      "kind" : "remoteSourceControl",
      "location" : "https://github.com/Sizuha/SizUtil-iOS",
      "state" : {
        "branch" : "master",
        "revision" : "953da2a6629e4bf0a671ff160274b968fb689532"
      }
    },
    {
      "identity" : "squery-swift",
      "kind" : "remoteSourceControl",
      "location" : "https://github.com/Sizuha/squery-swift",
      "state" : {
        "branch" : "master",
        "revision" : "0d8e92ba00fd6fd5e5ffd91b13393ef2976ebe83"
      }
    }
  ],
  "version" : 2
}
