// !$*UTF8*$!
{
	archiveVersion = 1;
	classes = {
	};
	objectVersion = 52;
	objects = {

/* Begin PBXBuildFile section */
		0D5C1C0824D978EB00C5B4EC /* SQuery in Frameworks */ = {isa = PBXBuildFile; productRef = 0D5C1C0724D978EB00C5B4EC /* SQuery */; };
		0D5C1C0B24D978F900C5B4EC /* SizUI in Frameworks */ = {isa = PBXBuildFile; productRef = 0D5C1C0A24D978F900C5B4EC /* SizUI */; };
		0D5C1C0E24D9790C00C5B4EC /* SizUtil in Frameworks */ = {isa = PBXBuildFile; productRef = 0D5C1C0D24D9790C00C5B4EC /* SizUtil */; };
		0DBB9C24277ABA17002B8961 /* YearFilteredViewController.swift in Sources */ = {isa = PBXBuildFile; fileRef = 0DBB9C23277ABA17002B8961 /* YearFilteredViewController.swift */; };
		D51C17EA21D2090600F7CF3D /* AllViewController.swift in Sources */ = {isa = PBXBuildFile; fileRef = D51C17E921D2090600F7CF3D /* AllViewController.swift */; };
		D51C17EC21D20A6900F7CF3D /* MediaFilteredViewController.swift in Sources */ = {isa = PBXBuildFile; fileRef = D51C17EB21D20A6900F7CF3D /* MediaFilteredViewController.swift */; };
		D51C17EE21D20B7F00F7CF3D /* RatingFilteredViewController.swift in Sources */ = {isa = PBXBuildFile; fileRef = D51C17ED21D20B7F00F7CF3D /* RatingFilteredViewController.swift */; };
		D51C17F121D2119A00F7CF3D /* HomeViewController.swift in Sources */ = {isa = PBXBuildFile; fileRef = D51C17F021D2119A00F7CF3D /* HomeViewController.swift */; };
		D51C17F721D4751700F7CF3D /* AnimeTableView.swift in Sources */ = {isa = PBXBuildFile; fileRef = D51C17F621D4751700F7CF3D /* AnimeTableView.swift */; };
		D564AFF02282C78A00FD983D /* EditMediaViewController.swift in Sources */ = {isa = PBXBuildFile; fileRef = D564AFEF2282C78A00FD983D /* EditMediaViewController.swift */; };
		D56BEDFF21C222030070AB45 /* AnimeViewController.swift in Sources */ = {isa = PBXBuildFile; fileRef = D56BEDFE21C222030070AB45 /* AnimeViewController.swift */; };
		D56BEE0121C741760070AB45 /* Settings.swift in Sources */ = {isa = PBXBuildFile; fileRef = D56BEE0021C741760070AB45 /* Settings.swift */; };
		D56BEE0321C9D1D00070AB45 /* AnimeDataManager.swift in Sources */ = {isa = PBXBuildFile; fileRef = D56BEE0221C9D1D00070AB45 /* AnimeDataManager.swift */; };
		D56BEE0521C9DBD20070AB45 /* ImportCsvViewController.swift in Sources */ = {isa = PBXBuildFile; fileRef = D56BEE0421C9DBD20070AB45 /* ImportCsvViewController.swift */; };
		D585E9DA22719BA500CBB318 /* AnimeMedia.swift in Sources */ = {isa = PBXBuildFile; fileRef = D585E9D922719BA500CBB318 /* AnimeMedia.swift */; };
		D585E9DC2271A94C00CBB318 /* DatePickerView.swift in Sources */ = {isa = PBXBuildFile; fileRef = D585E9DB2271A94C00CBB318 /* DatePickerView.swift */; };
		D585E9DE2271B24700CBB318 /* MediaPickerView.swift in Sources */ = {isa = PBXBuildFile; fileRef = D585E9DD2271B24700CBB318 /* MediaPickerView.swift */; };
		D585E9E12271B99200CBB318 /* SettingsViewController.swift in Sources */ = {isa = PBXBuildFile; fileRef = D585E9E02271B99200CBB318 /* SettingsViewController.swift */; };
		D5A24CAB21B123E800E2F39B /* AnimeData.swift in Sources */ = {isa = PBXBuildFile; fileRef = D5A24CAA21B123E800E2F39B /* AnimeData.swift */; };
		D5A24CAE21B4CC3B00E2F39B /* Config.swift in Sources */ = {isa = PBXBuildFile; fileRef = D5A24CAD21B4CC3B00E2F39B /* Config.swift */; };
		D5A24CB021B4E70300E2F39B /* YearMonth.swift in Sources */ = {isa = PBXBuildFile; fileRef = D5A24CAF21B4E70300E2F39B /* YearMonth.swift */; };
		D5A24CBA21B6273500E2F39B /* CommonUI.swift in Sources */ = {isa = PBXBuildFile; fileRef = D5A24CB921B6273500E2F39B /* CommonUI.swift */; };
		D5A24CBC21B63E6500E2F39B /* resources.swift in Sources */ = {isa = PBXBuildFile; fileRef = D5A24CBB21B63E6500E2F39B /* resources.swift */; };
		D5A24CBE21B643E700E2F39B /* Assets.xcassets in Resources */ = {isa = PBXBuildFile; fileRef = D5A24CBD21B643E700E2F39B /* Assets.xcassets */; };
		D5A24CC021B649B400E2F39B /* NowViewController.swift in Sources */ = {isa = PBXBuildFile; fileRef = D5A24CBF21B649B400E2F39B /* NowViewController.swift */; };
		D5A24CC421B65BC200E2F39B /* Localizable.strings in Resources */ = {isa = PBXBuildFile; fileRef = D5A24CC621B65BC200E2F39B /* Localizable.strings */; };
		D5A24CC921B660C100E2F39B /* EditAnimeViewController.swift in Sources */ = {isa = PBXBuildFile; fileRef = D5A24CC821B660C100E2F39B /* EditAnimeViewController.swift */; };
		D5A24CD321BF5A7400E2F39B /* EditAnimeMemoController.swift in Sources */ = {isa = PBXBuildFile; fileRef = D5A24CD221BF5A7400E2F39B /* EditAnimeMemoController.swift */; };
		D5A24CDA21C0C2CC00E2F39B /* AnimeItemCell.swift in Sources */ = {isa = PBXBuildFile; fileRef = D5A24CD921C0C2CC00E2F39B /* AnimeItemCell.swift */; };
		D5A24CDC21C0CECB00E2F39B /* AnimeItemCell.xib in Resources */ = {isa = PBXBuildFile; fileRef = D5A24CDB21C0CECB00E2F39B /* AnimeItemCell.xib */; };
		D5AE2E2021B101B300906CC7 /* AppDelegate.swift in Sources */ = {isa = PBXBuildFile; fileRef = D5AE2E1F21B101B300906CC7 /* AppDelegate.swift */; };
		D5AE2E2221B101B300906CC7 /* AnimeItemsViewController.swift in Sources */ = {isa = PBXBuildFile; fileRef = D5AE2E2121B101B300906CC7 /* AnimeItemsViewController.swift */; };
		D5AE2E2421B101B300906CC7 /* FinishedViewController.swift in Sources */ = {isa = PBXBuildFile; fileRef = D5AE2E2321B101B300906CC7 /* FinishedViewController.swift */; };
		D5AE2E2C21B101B400906CC7 /* LaunchScreen.storyboard in Resources */ = {isa = PBXBuildFile; fileRef = D5AE2E2A21B101B400906CC7 /* LaunchScreen.storyboard */; };
		D5AE2E3721B101B400906CC7 /* AniNowTests.swift in Sources */ = {isa = PBXBuildFile; fileRef = D5AE2E3621B101B400906CC7 /* AniNowTests.swift */; };
		D5AE2E4221B101B400906CC7 /* AniNowUITests.swift in Sources */ = {isa = PBXBuildFile; fileRef = D5AE2E4121B101B400906CC7 /* AniNowUITests.swift */; };
/* End PBXBuildFile section */

/* Begin PBXContainerItemProxy section */
		D5AE2E3321B101B400906CC7 /* PBXContainerItemProxy */ = {
			isa = PBXContainerItemProxy;
			containerPortal = D5AE2E1421B101B200906CC7 /* Project object */;
			proxyType = 1;
			remoteGlobalIDString = D5AE2E1B21B101B200906CC7;
			remoteInfo = AniNow;
		};
		D5AE2E3E21B101B400906CC7 /* PBXContainerItemProxy */ = {
			isa = PBXContainerItemProxy;
			containerPortal = D5AE2E1421B101B200906CC7 /* Project object */;
			proxyType = 1;
			remoteGlobalIDString = D5AE2E1B21B101B200906CC7;
			remoteInfo = AniNow;
		};
/* End PBXContainerItemProxy section */

/* Begin PBXFileReference section */
		0DBB9C23277ABA17002B8961 /* YearFilteredViewController.swift */ = {isa = PBXFileReference; lastKnownFileType = sourcecode.swift; path = YearFilteredViewController.swift; sourceTree = "<group>"; };
		D51C17E921D2090600F7CF3D /* AllViewController.swift */ = {isa = PBXFileReference; lastKnownFileType = sourcecode.swift; path = AllViewController.swift; sourceTree = "<group>"; };
		D51C17EB21D20A6900F7CF3D /* MediaFilteredViewController.swift */ = {isa = PBXFileReference; lastKnownFileType = sourcecode.swift; path = MediaFilteredViewController.swift; sourceTree = "<group>"; };
		D51C17ED21D20B7F00F7CF3D /* RatingFilteredViewController.swift */ = {isa = PBXFileReference; lastKnownFileType = sourcecode.swift; path = RatingFilteredViewController.swift; sourceTree = "<group>"; };
		D51C17F021D2119A00F7CF3D /* HomeViewController.swift */ = {isa = PBXFileReference; lastKnownFileType = sourcecode.swift; path = HomeViewController.swift; sourceTree = "<group>"; };
		D51C17F621D4751700F7CF3D /* AnimeTableView.swift */ = {isa = PBXFileReference; lastKnownFileType = sourcecode.swift; path = AnimeTableView.swift; sourceTree = "<group>"; };
		D564AFEF2282C78A00FD983D /* EditMediaViewController.swift */ = {isa = PBXFileReference; lastKnownFileType = sourcecode.swift; path = EditMediaViewController.swift; sourceTree = "<group>"; };
		D56BEDFE21C222030070AB45 /* AnimeViewController.swift */ = {isa = PBXFileReference; lastKnownFileType = sourcecode.swift; path = AnimeViewController.swift; sourceTree = "<group>"; };
		D56BEE0021C741760070AB45 /* Settings.swift */ = {isa = PBXFileReference; lastKnownFileType = sourcecode.swift; path = Settings.swift; sourceTree = "<group>"; };
		D56BEE0221C9D1D00070AB45 /* AnimeDataManager.swift */ = {isa = PBXFileReference; lastKnownFileType = sourcecode.swift; path = AnimeDataManager.swift; sourceTree = "<group>"; };
		D56BEE0421C9DBD20070AB45 /* ImportCsvViewController.swift */ = {isa = PBXFileReference; lastKnownFileType = sourcecode.swift; path = ImportCsvViewController.swift; sourceTree = "<group>"; };
		D56BEE0621CA49300070AB45 /* ko */ = {isa = PBXFileReference; lastKnownFileType = text.plist.strings; name = ko; path = ko.lproj/Localizable.strings; sourceTree = "<group>"; };
		D584DA9A228162A000541158 /* AniNow.entitlements */ = {isa = PBXFileReference; lastKnownFileType = text.plist.entitlements; path = AniNow.entitlements; sourceTree = "<group>"; };
		D585E9D922719BA500CBB318 /* AnimeMedia.swift */ = {isa = PBXFileReference; lastKnownFileType = sourcecode.swift; path = AnimeMedia.swift; sourceTree = "<group>"; };
		D585E9DB2271A94C00CBB318 /* DatePickerView.swift */ = {isa = PBXFileReference; lastKnownFileType = sourcecode.swift; path = DatePickerView.swift; sourceTree = "<group>"; };
		D585E9DD2271B24700CBB318 /* MediaPickerView.swift */ = {isa = PBXFileReference; lastKnownFileType = sourcecode.swift; path = MediaPickerView.swift; sourceTree = "<group>"; };
		D585E9E02271B99200CBB318 /* SettingsViewController.swift */ = {isa = PBXFileReference; lastKnownFileType = sourcecode.swift; path = SettingsViewController.swift; sourceTree = "<group>"; };
		D5A24CAA21B123E800E2F39B /* AnimeData.swift */ = {isa = PBXFileReference; lastKnownFileType = sourcecode.swift; path = AnimeData.swift; sourceTree = "<group>"; };
		D5A24CAD21B4CC3B00E2F39B /* Config.swift */ = {isa = PBXFileReference; lastKnownFileType = sourcecode.swift; path = Config.swift; sourceTree = "<group>"; };
		D5A24CAF21B4E70300E2F39B /* YearMonth.swift */ = {isa = PBXFileReference; lastKnownFileType = sourcecode.swift; path = YearMonth.swift; sourceTree = "<group>"; };
		D5A24CB921B6273500E2F39B /* CommonUI.swift */ = {isa = PBXFileReference; lastKnownFileType = sourcecode.swift; path = CommonUI.swift; sourceTree = "<group>"; };
		D5A24CBB21B63E6500E2F39B /* resources.swift */ = {isa = PBXFileReference; lastKnownFileType = sourcecode.swift; path = resources.swift; sourceTree = "<group>"; };
		D5A24CBD21B643E700E2F39B /* Assets.xcassets */ = {isa = PBXFileReference; lastKnownFileType = folder.assetcatalog; path = Assets.xcassets; sourceTree = "<group>"; };
		D5A24CBF21B649B400E2F39B /* NowViewController.swift */ = {isa = PBXFileReference; lastKnownFileType = sourcecode.swift; path = NowViewController.swift; sourceTree = "<group>"; };
		D5A24CC121B65B4700E2F39B /* ja */ = {isa = PBXFileReference; lastKnownFileType = text.plist.strings; name = ja; path = ja.lproj/LaunchScreen.strings; sourceTree = "<group>"; };
		D5A24CC521B65BC200E2F39B /* ja */ = {isa = PBXFileReference; lastKnownFileType = text.plist.strings; name = ja; path = ja.lproj/Localizable.strings; sourceTree = "<group>"; };
		D5A24CC721B65BC500E2F39B /* en */ = {isa = PBXFileReference; lastKnownFileType = text.plist.strings; name = en; path = en.lproj/Localizable.strings; sourceTree = "<group>"; };
		D5A24CC821B660C100E2F39B /* EditAnimeViewController.swift */ = {isa = PBXFileReference; lastKnownFileType = sourcecode.swift; path = EditAnimeViewController.swift; sourceTree = "<group>"; };
		D5A24CD221BF5A7400E2F39B /* EditAnimeMemoController.swift */ = {isa = PBXFileReference; lastKnownFileType = sourcecode.swift; path = EditAnimeMemoController.swift; sourceTree = "<group>"; };
		D5A24CD921C0C2CC00E2F39B /* AnimeItemCell.swift */ = {isa = PBXFileReference; lastKnownFileType = sourcecode.swift; path = AnimeItemCell.swift; sourceTree = "<group>"; };
		D5A24CDB21C0CECB00E2F39B /* AnimeItemCell.xib */ = {isa = PBXFileReference; lastKnownFileType = file.xib; path = AnimeItemCell.xib; sourceTree = "<group>"; };
		D5AE2E1C21B101B200906CC7 /* AniNow.app */ = {isa = PBXFileReference; explicitFileType = wrapper.application; includeInIndex = 0; path = AniNow.app; sourceTree = BUILT_PRODUCTS_DIR; };
		D5AE2E1F21B101B300906CC7 /* AppDelegate.swift */ = {isa = PBXFileReference; lastKnownFileType = sourcecode.swift; path = AppDelegate.swift; sourceTree = "<group>"; };
		D5AE2E2121B101B300906CC7 /* AnimeItemsViewController.swift */ = {isa = PBXFileReference; lastKnownFileType = sourcecode.swift; path = AnimeItemsViewController.swift; sourceTree = "<group>"; };
		D5AE2E2321B101B300906CC7 /* FinishedViewController.swift */ = {isa = PBXFileReference; lastKnownFileType = sourcecode.swift; path = FinishedViewController.swift; sourceTree = "<group>"; };
		D5AE2E2B21B101B400906CC7 /* Base */ = {isa = PBXFileReference; lastKnownFileType = file.storyboard; name = Base; path = Base.lproj/LaunchScreen.storyboard; sourceTree = "<group>"; };
		D5AE2E2D21B101B400906CC7 /* Info.plist */ = {isa = PBXFileReference; lastKnownFileType = text.plist.xml; path = Info.plist; sourceTree = "<group>"; };
		D5AE2E3221B101B400906CC7 /* AniNowTests.xctest */ = {isa = PBXFileReference; explicitFileType = wrapper.cfbundle; includeInIndex = 0; path = AniNowTests.xctest; sourceTree = BUILT_PRODUCTS_DIR; };
		D5AE2E3621B101B400906CC7 /* AniNowTests.swift */ = {isa = PBXFileReference; lastKnownFileType = sourcecode.swift; path = AniNowTests.swift; sourceTree = "<group>"; };
		D5AE2E3821B101B400906CC7 /* Info.plist */ = {isa = PBXFileReference; lastKnownFileType = text.plist.xml; path = Info.plist; sourceTree = "<group>"; };
		D5AE2E3D21B101B400906CC7 /* AniNowUITests.xctest */ = {isa = PBXFileReference; explicitFileType = wrapper.cfbundle; includeInIndex = 0; path = AniNowUITests.xctest; sourceTree = BUILT_PRODUCTS_DIR; };
		D5AE2E4121B101B400906CC7 /* AniNowUITests.swift */ = {isa = PBXFileReference; lastKnownFileType = sourcecode.swift; path = AniNowUITests.swift; sourceTree = "<group>"; };
		D5AE2E4321B101B400906CC7 /* Info.plist */ = {isa = PBXFileReference; lastKnownFileType = text.plist.xml; path = Info.plist; sourceTree = "<group>"; };
/* End PBXFileReference section */

/* Begin PBXFrameworksBuildPhase section */
		D5AE2E1921B101B200906CC7 /* Frameworks */ = {
			isa = PBXFrameworksBuildPhase;
			buildActionMask = 2147483647;
			files = (
				0D5C1C0E24D9790C00C5B4EC /* SizUtil in Frameworks */,
				0D5C1C0824D978EB00C5B4EC /* SQuery in Frameworks */,
				0D5C1C0B24D978F900C5B4EC /* SizUI in Frameworks */,
			);
			runOnlyForDeploymentPostprocessing = 0;
		};
		D5AE2E2F21B101B400906CC7 /* Frameworks */ = {
			isa = PBXFrameworksBuildPhase;
			buildActionMask = 2147483647;
			files = (
			);
			runOnlyForDeploymentPostprocessing = 0;
		};
		D5AE2E3A21B101B400906CC7 /* Frameworks */ = {
			isa = PBXFrameworksBuildPhase;
			buildActionMask = 2147483647;
			files = (
			);
			runOnlyForDeploymentPostprocessing = 0;
		};
/* End PBXFrameworksBuildPhase section */

/* Begin PBXGroup section */
		0D5C1C0F24D97A7600C5B4EC /* Shared */ = {
			isa = PBXGroup;
			children = (
				D5A24CB921B6273500E2F39B /* CommonUI.swift */,
			);
			path = Shared;
			sourceTree = "<group>";
		};
		0D5C1C1024D97B3A00C5B4EC /* Lib */ = {
			isa = PBXGroup;
			children = (
				D56BEE0221C9D1D00070AB45 /* AnimeDataManager.swift */,
			);
			path = Lib;
			sourceTree = "<group>";
		};
		0DF795DB24D98DB40077EB18 /* AnimeCell */ = {
			isa = PBXGroup;
			children = (
				D5A24CD921C0C2CC00E2F39B /* AnimeItemCell.swift */,
				D5A24CDB21C0CECB00E2F39B /* AnimeItemCell.xib */,
			);
			path = AnimeCell;
			sourceTree = "<group>";
		};
		D51C17EF21D2117D00F7CF3D /* Home */ = {
			isa = PBXGroup;
			children = (
				D51C17F021D2119A00F7CF3D /* HomeViewController.swift */,
			);
			path = Home;
			sourceTree = "<group>";
		};
		D579CAFD21C2156000D3E653 /* AnimeEdit */ = {
			isa = PBXGroup;
			children = (
				D5A24CC821B660C100E2F39B /* EditAnimeViewController.swift */,
				D585E9DB2271A94C00CBB318 /* DatePickerView.swift */,
				D585E9DD2271B24700CBB318 /* MediaPickerView.swift */,
				D5A24CD221BF5A7400E2F39B /* EditAnimeMemoController.swift */,
			);
			path = AnimeEdit;
			sourceTree = "<group>";
		};
		D579CAFE21C2157600D3E653 /* AnimeView */ = {
			isa = PBXGroup;
			children = (
				D56BEDFE21C222030070AB45 /* AnimeViewController.swift */,
			);
			path = AnimeView;
			sourceTree = "<group>";
		};
		D585E9DF2271B93300CBB318 /* Settings */ = {
			isa = PBXGroup;
			children = (
				D585E9E02271B99200CBB318 /* SettingsViewController.swift */,
				D56BEE0421C9DBD20070AB45 /* ImportCsvViewController.swift */,
				D564AFEF2282C78A00FD983D /* EditMediaViewController.swift */,
			);
			path = Settings;
			sourceTree = "<group>";
		};
		D5A24CA921B123D000E2F39B /* Model */ = {
			isa = PBXGroup;
			children = (
				D5A24CAA21B123E800E2F39B /* AnimeData.swift */,
				D585E9D922719BA500CBB318 /* AnimeMedia.swift */,
				D56BEE0021C741760070AB45 /* Settings.swift */,
				D5A24CAF21B4E70300E2F39B /* YearMonth.swift */,
			);
			path = Model;
			sourceTree = "<group>";
		};
		D5A24CAC21B4CC1D00E2F39B /* Resources */ = {
			isa = PBXGroup;
			children = (
				D5A24CBD21B643E700E2F39B /* Assets.xcassets */,
				D5A24CBB21B63E6500E2F39B /* resources.swift */,
				D5A24CC621B65BC200E2F39B /* Localizable.strings */,
				D5AE2E2A21B101B400906CC7 /* LaunchScreen.storyboard */,
			);
			path = Resources;
			sourceTree = "<group>";
		};
		D5A24CB321B522B800E2F39B /* UI */ = {
			isa = PBXGroup;
			children = (
				0D5C1C0F24D97A7600C5B4EC /* Shared */,
				D51C17EF21D2117D00F7CF3D /* Home */,
				D5A24CB421B522CC00E2F39B /* AnimeList */,
				D579CAFE21C2157600D3E653 /* AnimeView */,
				D579CAFD21C2156000D3E653 /* AnimeEdit */,
				D585E9DF2271B93300CBB318 /* Settings */,
			);
			path = UI;
			sourceTree = "<group>";
		};
		D5A24CB421B522CC00E2F39B /* AnimeList */ = {
			isa = PBXGroup;
			children = (
				0DF795DB24D98DB40077EB18 /* AnimeCell */,
				D5AE2E2121B101B300906CC7 /* AnimeItemsViewController.swift */,
				D51C17F621D4751700F7CF3D /* AnimeTableView.swift */,
				D51C17E921D2090600F7CF3D /* AllViewController.swift */,
				D5A24CBF21B649B400E2F39B /* NowViewController.swift */,
				D5AE2E2321B101B300906CC7 /* FinishedViewController.swift */,
				D51C17EB21D20A6900F7CF3D /* MediaFilteredViewController.swift */,
				D51C17ED21D20B7F00F7CF3D /* RatingFilteredViewController.swift */,
				0DBB9C23277ABA17002B8961 /* YearFilteredViewController.swift */,
			);
			path = AnimeList;
			sourceTree = "<group>";
		};
		D5AE2E1321B101B200906CC7 = {
			isa = PBXGroup;
			children = (
				D5AE2E1E21B101B200906CC7 /* AniNow */,
				D5AE2E3521B101B400906CC7 /* AniNowTests */,
				D5AE2E4021B101B400906CC7 /* AniNowUITests */,
				D5AE2E1D21B101B200906CC7 /* Products */,
				D5AE2E4F21B1030B00906CC7 /* Frameworks */,
			);
			sourceTree = "<group>";
		};
		D5AE2E1D21B101B200906CC7 /* Products */ = {
			isa = PBXGroup;
			children = (
				D5AE2E1C21B101B200906CC7 /* AniNow.app */,
				D5AE2E3221B101B400906CC7 /* AniNowTests.xctest */,
				D5AE2E3D21B101B400906CC7 /* AniNowUITests.xctest */,
			);
			name = Products;
			sourceTree = "<group>";
		};
		D5AE2E1E21B101B200906CC7 /* AniNow */ = {
			isa = PBXGroup;
			children = (
				D584DA9A228162A000541158 /* AniNow.entitlements */,
				D5A24CAC21B4CC1D00E2F39B /* Resources */,
				D5A24CA921B123D000E2F39B /* Model */,
				0D5C1C1024D97B3A00C5B4EC /* Lib */,
				D5A24CB321B522B800E2F39B /* UI */,
				D5AE2E1F21B101B300906CC7 /* AppDelegate.swift */,
				D5A24CAD21B4CC3B00E2F39B /* Config.swift */,
				D5AE2E2D21B101B400906CC7 /* Info.plist */,
			);
			path = AniNow;
			sourceTree = "<group>";
		};
		D5AE2E3521B101B400906CC7 /* AniNowTests */ = {
			isa = PBXGroup;
			children = (
				D5AE2E3621B101B400906CC7 /* AniNowTests.swift */,
				D5AE2E3821B101B400906CC7 /* Info.plist */,
			);
			path = AniNowTests;
			sourceTree = "<group>";
		};
		D5AE2E4021B101B400906CC7 /* AniNowUITests */ = {
			isa = PBXGroup;
			children = (
				D5AE2E4121B101B400906CC7 /* AniNowUITests.swift */,
				D5AE2E4321B101B400906CC7 /* Info.plist */,
			);
			path = AniNowUITests;
			sourceTree = "<group>";
		};
		D5AE2E4F21B1030B00906CC7 /* Frameworks */ = {
			isa = PBXGroup;
			children = (
			);
			name = Frameworks;
			sourceTree = "<group>";
		};
/* End PBXGroup section */

/* Begin PBXNativeTarget section */
		D5AE2E1B21B101B200906CC7 /* AniNow */ = {
			isa = PBXNativeTarget;
			buildConfigurationList = D5AE2E4621B101B400906CC7 /* Build configuration list for PBXNativeTarget "AniNow" */;
			buildPhases = (
				D5AE2E1821B101B200906CC7 /* Sources */,
				D5AE2E1921B101B200906CC7 /* Frameworks */,
				D5AE2E1A21B101B200906CC7 /* Resources */,
			);
			buildRules = (
			);
			dependencies = (
			);
			name = AniNow;
			packageProductDependencies = (
				0D5C1C0724D978EB00C5B4EC /* SQuery */,
				0D5C1C0A24D978F900C5B4EC /* SizUI */,
				0D5C1C0D24D9790C00C5B4EC /* SizUtil */,
			);
			productName = AniNow;
			productReference = D5AE2E1C21B101B200906CC7 /* AniNow.app */;
			productType = "com.apple.product-type.application";
		};
		D5AE2E3121B101B400906CC7 /* AniNowTests */ = {
			isa = PBXNativeTarget;
			buildConfigurationList = D5AE2E4921B101B400906CC7 /* Build configuration list for PBXNativeTarget "AniNowTests" */;
			buildPhases = (
				D5AE2E2E21B101B400906CC7 /* Sources */,
				D5AE2E2F21B101B400906CC7 /* Frameworks */,
				D5AE2E3021B101B400906CC7 /* Resources */,
			);
			buildRules = (
			);
			dependencies = (
				D5AE2E3421B101B400906CC7 /* PBXTargetDependency */,
			);
			name = AniNowTests;
			productName = AniNowTests;
			productReference = D5AE2E3221B101B400906CC7 /* AniNowTests.xctest */;
			productType = "com.apple.product-type.bundle.unit-test";
		};
		D5AE2E3C21B101B400906CC7 /* AniNowUITests */ = {
			isa = PBXNativeTarget;
			buildConfigurationList = D5AE2E4C21B101B400906CC7 /* Build configuration list for PBXNativeTarget "AniNowUITests" */;
			buildPhases = (
				D5AE2E3921B101B400906CC7 /* Sources */,
				D5AE2E3A21B101B400906CC7 /* Frameworks */,
				D5AE2E3B21B101B400906CC7 /* Resources */,
			);
			buildRules = (
			);
			dependencies = (
				D5AE2E3F21B101B400906CC7 /* PBXTargetDependency */,
			);
			name = AniNowUITests;
			productName = AniNowUITests;
			productReference = D5AE2E3D21B101B400906CC7 /* AniNowUITests.xctest */;
			productType = "com.apple.product-type.bundle.ui-testing";
		};
/* End PBXNativeTarget section */

/* Begin PBXProject section */
		D5AE2E1421B101B200906CC7 /* Project object */ = {
			isa = PBXProject;
			attributes = {
				LastSwiftUpdateCheck = 1010;
				LastUpgradeCheck = 1240;
				ORGANIZATIONNAME = "Sizuha's Atelier";
				TargetAttributes = {
					D5AE2E1B21B101B200906CC7 = {
						CreatedOnToolsVersion = 10.1;
						LastSwiftMigration = 1020;
						SystemCapabilities = {
							com.apple.Push = {
								enabled = 1;
							};
							com.apple.iCloud = {
								enabled = 1;
							};
						};
					};
					D5AE2E3121B101B400906CC7 = {
						CreatedOnToolsVersion = 10.1;
						LastSwiftMigration = 1020;
						TestTargetID = D5AE2E1B21B101B200906CC7;
					};
					D5AE2E3C21B101B400906CC7 = {
						CreatedOnToolsVersion = 10.1;
						LastSwiftMigration = 1020;
						TestTargetID = D5AE2E1B21B101B200906CC7;
					};
				};
			};
			buildConfigurationList = D5AE2E1721B101B200906CC7 /* Build configuration list for PBXProject "AniNow" */;
			compatibilityVersion = "Xcode 9.3";
			developmentRegion = en;
			hasScannedForEncodings = 0;
			knownRegions = (
				en,
				Base,
				ko,
				ja,
			);
			mainGroup = D5AE2E1321B101B200906CC7;
			packageReferences = (
				0D5C1C0624D978EB00C5B4EC /* XCRemoteSwiftPackageReference "squery-swift" */,
				0D5C1C0924D978F900C5B4EC /* XCRemoteSwiftPackageReference "SizUI-iOS" */,
				0D5C1C0C24D9790C00C5B4EC /* XCRemoteSwiftPackageReference "SizUtil-iOS" */,
			);
			productRefGroup = D5AE2E1D21B101B200906CC7 /* Products */;
			projectDirPath = "";
			projectRoot = "";
			targets = (
				D5AE2E1B21B101B200906CC7 /* AniNow */,
				D5AE2E3121B101B400906CC7 /* AniNowTests */,
				D5AE2E3C21B101B400906CC7 /* AniNowUITests */,
			);
		};
/* End PBXProject section */

/* Begin PBXResourcesBuildPhase section */
		D5AE2E1A21B101B200906CC7 /* Resources */ = {
			isa = PBXResourcesBuildPhase;
			buildActionMask = 2147483647;
			files = (
				D5AE2E2C21B101B400906CC7 /* LaunchScreen.storyboard in Resources */,
				D5A24CC421B65BC200E2F39B /* Localizable.strings in Resources */,
				D5A24CBE21B643E700E2F39B /* Assets.xcassets in Resources */,
				D5A24CDC21C0CECB00E2F39B /* AnimeItemCell.xib in Resources */,
			);
			runOnlyForDeploymentPostprocessing = 0;
		};
		D5AE2E3021B101B400906CC7 /* Resources */ = {
			isa = PBXResourcesBuildPhase;
			buildActionMask = 2147483647;
			files = (
			);
			runOnlyForDeploymentPostprocessing = 0;
		};
		D5AE2E3B21B101B400906CC7 /* Resources */ = {
			isa = PBXResourcesBuildPhase;
			buildActionMask = 2147483647;
			files = (
			);
			runOnlyForDeploymentPostprocessing = 0;
		};
/* End PBXResourcesBuildPhase section */

/* Begin PBXSourcesBuildPhase section */
		D5AE2E1821B101B200906CC7 /* Sources */ = {
			isa = PBXSourcesBuildPhase;
			buildActionMask = 2147483647;
			files = (
				D51C17EA21D2090600F7CF3D /* AllViewController.swift in Sources */,
				D585E9DE2271B24700CBB318 /* MediaPickerView.swift in Sources */,
				D585E9DC2271A94C00CBB318 /* DatePickerView.swift in Sources */,
				D5A24CBC21B63E6500E2F39B /* resources.swift in Sources */,
				D51C17EC21D20A6900F7CF3D /* MediaFilteredViewController.swift in Sources */,
				D51C17EE21D20B7F00F7CF3D /* RatingFilteredViewController.swift in Sources */,
				D5A24CC021B649B400E2F39B /* NowViewController.swift in Sources */,
				D5A24CB021B4E70300E2F39B /* YearMonth.swift in Sources */,
				D585E9E12271B99200CBB318 /* SettingsViewController.swift in Sources */,
				D5A24CC921B660C100E2F39B /* EditAnimeViewController.swift in Sources */,
				D56BEE0321C9D1D00070AB45 /* AnimeDataManager.swift in Sources */,
				0DBB9C24277ABA17002B8961 /* YearFilteredViewController.swift in Sources */,
				D5A24CBA21B6273500E2F39B /* CommonUI.swift in Sources */,
				D5A24CAB21B123E800E2F39B /* AnimeData.swift in Sources */,
				D51C17F721D4751700F7CF3D /* AnimeTableView.swift in Sources */,
				D5AE2E2421B101B300906CC7 /* FinishedViewController.swift in Sources */,
				D51C17F121D2119A00F7CF3D /* HomeViewController.swift in Sources */,
				D5A24CAE21B4CC3B00E2F39B /* Config.swift in Sources */,
				D56BEDFF21C222030070AB45 /* AnimeViewController.swift in Sources */,
				D5AE2E2021B101B300906CC7 /* AppDelegate.swift in Sources */,
				D5A24CD321BF5A7400E2F39B /* EditAnimeMemoController.swift in Sources */,
				D585E9DA22719BA500CBB318 /* AnimeMedia.swift in Sources */,
				D564AFF02282C78A00FD983D /* EditMediaViewController.swift in Sources */,
				D5AE2E2221B101B300906CC7 /* AnimeItemsViewController.swift in Sources */,
				D56BEE0121C741760070AB45 /* Settings.swift in Sources */,
				D56BEE0521C9DBD20070AB45 /* ImportCsvViewController.swift in Sources */,
				D5A24CDA21C0C2CC00E2F39B /* AnimeItemCell.swift in Sources */,
			);
			runOnlyForDeploymentPostprocessing = 0;
		};
		D5AE2E2E21B101B400906CC7 /* Sources */ = {
			isa = PBXSourcesBuildPhase;
			buildActionMask = 2147483647;
			files = (
				D5AE2E3721B101B400906CC7 /* AniNowTests.swift in Sources */,
			);
			runOnlyForDeploymentPostprocessing = 0;
		};
		D5AE2E3921B101B400906CC7 /* Sources */ = {
			isa = PBXSourcesBuildPhase;
			buildActionMask = 2147483647;
			files = (
				D5AE2E4221B101B400906CC7 /* AniNowUITests.swift in Sources */,
			);
			runOnlyForDeploymentPostprocessing = 0;
		};
/* End PBXSourcesBuildPhase section */

/* Begin PBXTargetDependency section */
		D5AE2E3421B101B400906CC7 /* PBXTargetDependency */ = {
			isa = PBXTargetDependency;
			target = D5AE2E1B21B101B200906CC7 /* AniNow */;
			targetProxy = D5AE2E3321B101B400906CC7 /* PBXContainerItemProxy */;
		};
		D5AE2E3F21B101B400906CC7 /* PBXTargetDependency */ = {
			isa = PBXTargetDependency;
			target = D5AE2E1B21B101B200906CC7 /* AniNow */;
			targetProxy = D5AE2E3E21B101B400906CC7 /* PBXContainerItemProxy */;
		};
/* End PBXTargetDependency section */

/* Begin PBXVariantGroup section */
		D5A24CC621B65BC200E2F39B /* Localizable.strings */ = {
			isa = PBXVariantGroup;
			children = (
				D5A24CC521B65BC200E2F39B /* ja */,
				D5A24CC721B65BC500E2F39B /* en */,
				D56BEE0621CA49300070AB45 /* ko */,
			);
			name = Localizable.strings;
			sourceTree = "<group>";
		};
		D5AE2E2A21B101B400906CC7 /* LaunchScreen.storyboard */ = {
			isa = PBXVariantGroup;
			children = (
				D5AE2E2B21B101B400906CC7 /* Base */,
				D5A24CC121B65B4700E2F39B /* ja */,
			);
			name = LaunchScreen.storyboard;
			sourceTree = "<group>";
		};
/* End PBXVariantGroup section */

/* Begin XCBuildConfiguration section */
		D5AE2E4421B101B400906CC7 /* Debug */ = {
			isa = XCBuildConfiguration;
			buildSettings = {
				ALWAYS_SEARCH_USER_PATHS = NO;
				CLANG_ANALYZER_LOCALIZABILITY_NONLOCALIZED = YES;
				CLANG_ANALYZER_NONNULL = YES;
				CLANG_ANALYZER_NUMBER_OBJECT_CONVERSION = YES_AGGRESSIVE;
				CLANG_CXX_LANGUAGE_STANDARD = "gnu++14";
				CLANG_CXX_LIBRARY = "libc++";
				CLANG_ENABLE_MODULES = YES;
				CLANG_ENABLE_OBJC_ARC = YES;
				CLANG_ENABLE_OBJC_WEAK = YES;
				CLANG_WARN_BLOCK_CAPTURE_AUTORELEASING = YES;
				CLANG_WARN_BOOL_CONVERSION = YES;
				CLANG_WARN_COMMA = YES;
				CLANG_WARN_CONSTANT_CONVERSION = YES;
				CLANG_WARN_DEPRECATED_OBJC_IMPLEMENTATIONS = YES;
				CLANG_WARN_DIRECT_OBJC_ISA_USAGE = YES_ERROR;
				CLANG_WARN_DOCUMENTATION_COMMENTS = YES;
				CLANG_WARN_EMPTY_BODY = YES;
				CLANG_WARN_ENUM_CONVERSION = YES;
				CLANG_WARN_INFINITE_RECURSION = YES;
				CLANG_WARN_INT_CONVERSION = YES;
				CLANG_WARN_NON_LITERAL_NULL_CONVERSION = YES;
				CLANG_WARN_OBJC_IMPLICIT_RETAIN_SELF = YES;
				CLANG_WARN_OBJC_LITERAL_CONVERSION = YES;
				CLANG_WARN_OBJC_ROOT_CLASS = YES_ERROR;
				CLANG_WARN_QUOTED_INCLUDE_IN_FRAMEWORK_HEADER = YES;
				CLANG_WARN_RANGE_LOOP_ANALYSIS = YES;
				CLANG_WARN_STRICT_PROTOTYPES = YES;
				CLANG_WARN_SUSPICIOUS_MOVE = YES;
				CLANG_WARN_UNGUARDED_AVAILABILITY = YES_AGGRESSIVE;
				CLANG_WARN_UNREACHABLE_CODE = YES;
				CLANG_WARN__DUPLICATE_METHOD_MATCH = YES;
				CODE_SIGN_IDENTITY = "iPhone Developer";
				COPY_PHASE_STRIP = NO;
				DEBUG_INFORMATION_FORMAT = dwarf;
				ENABLE_STRICT_OBJC_MSGSEND = YES;
				ENABLE_TESTABILITY = YES;
				GCC_C_LANGUAGE_STANDARD = gnu11;
				GCC_DYNAMIC_NO_PIC = NO;
				GCC_NO_COMMON_BLOCKS = YES;
				GCC_OPTIMIZATION_LEVEL = 0;
				GCC_PREPROCESSOR_DEFINITIONS = (
					"DEBUG=1",
					"$(inherited)",
				);
				GCC_WARN_64_TO_32_BIT_CONVERSION = YES;
				GCC_WARN_ABOUT_RETURN_TYPE = YES_ERROR;
				GCC_WARN_UNDECLARED_SELECTOR = YES;
				GCC_WARN_UNINITIALIZED_AUTOS = YES_AGGRESSIVE;
				GCC_WARN_UNUSED_FUNCTION = YES;
				GCC_WARN_UNUSED_VARIABLE = YES;
				IPHONEOS_DEPLOYMENT_TARGET = 14.0;
				MTL_ENABLE_DEBUG_INFO = INCLUDE_SOURCE;
				MTL_FAST_MATH = YES;
				ONLY_ACTIVE_ARCH = YES;
				SDKROOT = iphoneos;
				SWIFT_ACTIVE_COMPILATION_CONDITIONS = DEBUG;
				SWIFT_OPTIMIZATION_LEVEL = "-Onone";
			};
			name = Debug;
		};
		D5AE2E4521B101B400906CC7 /* Release */ = {
			isa = XCBuildConfiguration;
			buildSettings = {
				ALWAYS_SEARCH_USER_PATHS = NO;
				CLANG_ANALYZER_LOCALIZABILITY_NONLOCALIZED = YES;
				CLANG_ANALYZER_NONNULL = YES;
				CLANG_ANALYZER_NUMBER_OBJECT_CONVERSION = YES_AGGRESSIVE;
				CLANG_CXX_LANGUAGE_STANDARD = "gnu++14";
				CLANG_CXX_LIBRARY = "libc++";
				CLANG_ENABLE_MODULES = YES;
				CLANG_ENABLE_OBJC_ARC = YES;
				CLANG_ENABLE_OBJC_WEAK = YES;
				CLANG_WARN_BLOCK_CAPTURE_AUTORELEASING = YES;
				CLANG_WARN_BOOL_CONVERSION = YES;
				CLANG_WARN_COMMA = YES;
				CLANG_WARN_CONSTANT_CONVERSION = YES;
				CLANG_WARN_DEPRECATED_OBJC_IMPLEMENTATIONS = YES;
				CLANG_WARN_DIRECT_OBJC_ISA_USAGE = YES_ERROR;
				CLANG_WARN_DOCUMENTATION_COMMENTS = YES;
				CLANG_WARN_EMPTY_BODY = YES;
				CLANG_WARN_ENUM_CONVERSION = YES;
				CLANG_WARN_INFINITE_RECURSION = YES;
				CLANG_WARN_INT_CONVERSION = YES;
				CLANG_WARN_NON_LITERAL_NULL_CONVERSION = YES;
				CLANG_WARN_OBJC_IMPLICIT_RETAIN_SELF = YES;
				CLANG_WARN_OBJC_LITERAL_CONVERSION = YES;
				CLANG_WARN_OBJC_ROOT_CLASS = YES_ERROR;
				CLANG_WARN_QUOTED_INCLUDE_IN_FRAMEWORK_HEADER = YES;
				CLANG_WARN_RANGE_LOOP_ANALYSIS = YES;
				CLANG_WARN_STRICT_PROTOTYPES = YES;
				CLANG_WARN_SUSPICIOUS_MOVE = YES;
				CLANG_WARN_UNGUARDED_AVAILABILITY = YES_AGGRESSIVE;
				CLANG_WARN_UNREACHABLE_CODE = YES;
				CLANG_WARN__DUPLICATE_METHOD_MATCH = YES;
				CODE_SIGN_IDENTITY = "iPhone Developer";
				COPY_PHASE_STRIP = NO;
				DEBUG_INFORMATION_FORMAT = "dwarf-with-dsym";
				ENABLE_NS_ASSERTIONS = NO;
				ENABLE_STRICT_OBJC_MSGSEND = YES;
				GCC_C_LANGUAGE_STANDARD = gnu11;
				GCC_NO_COMMON_BLOCKS = YES;
				GCC_WARN_64_TO_32_BIT_CONVERSION = YES;
				GCC_WARN_ABOUT_RETURN_TYPE = YES_ERROR;
				GCC_WARN_UNDECLARED_SELECTOR = YES;
				GCC_WARN_UNINITIALIZED_AUTOS = YES_AGGRESSIVE;
				GCC_WARN_UNUSED_FUNCTION = YES;
				GCC_WARN_UNUSED_VARIABLE = YES;
				IPHONEOS_DEPLOYMENT_TARGET = 14.0;
				MTL_ENABLE_DEBUG_INFO = NO;
				MTL_FAST_MATH = YES;
				SDKROOT = iphoneos;
				SWIFT_COMPILATION_MODE = wholemodule;
				SWIFT_OPTIMIZATION_LEVEL = "-O";
				VALIDATE_PRODUCT = YES;
			};
			name = Release;
		};
		D5AE2E4721B101B400906CC7 /* Debug */ = {
			isa = XCBuildConfiguration;
			buildSettings = {
				ASSETCATALOG_COMPILER_APPICON_NAME = AppIcon;
				CODE_SIGN_ENTITLEMENTS = AniNow/AniNow.entitlements;
				CODE_SIGN_IDENTITY = "iPhone Developer";
				CODE_SIGN_STYLE = Automatic;
				CURRENT_PROJECT_VERSION = 24;
				DEVELOPMENT_TEAM = R8QQLU625A;
				FRAMEWORK_SEARCH_PATHS = "$(inherited)";
				INFOPLIST_FILE = AniNow/Info.plist;
				IPHONEOS_DEPLOYMENT_TARGET = 14.0;
				LD_RUNPATH_SEARCH_PATHS = (
					"$(inherited)",
					"@executable_path/Frameworks",
				);
				MARKETING_VERSION = 1.10;
				PRODUCT_BUNDLE_IDENTIFIER = com.kishe.sizuha.AniNow;
				PRODUCT_NAME = "$(TARGET_NAME)";
				PROVISIONING_PROFILE_SPECIFIER = "";
				SWIFT_VERSION = 5.0;
				TARGETED_DEVICE_FAMILY = 1;
			};
			name = Debug;
		};
		D5AE2E4821B101B400906CC7 /* Release */ = {
			isa = XCBuildConfiguration;
			buildSettings = {
				ASSETCATALOG_COMPILER_APPICON_NAME = AppIcon;
				CODE_SIGN_ENTITLEMENTS = AniNow/AniNow.entitlements;
				CODE_SIGN_IDENTITY = "iPhone Developer";
				CODE_SIGN_STYLE = Automatic;
				CURRENT_PROJECT_VERSION = 24;
				DEVELOPMENT_TEAM = R8QQLU625A;
				FRAMEWORK_SEARCH_PATHS = "$(inherited)";
				INFOPLIST_FILE = AniNow/Info.plist;
				IPHONEOS_DEPLOYMENT_TARGET = 14.0;
				LD_RUNPATH_SEARCH_PATHS = (
					"$(inherited)",
					"@executable_path/Frameworks",
				);
				MARKETING_VERSION = 1.10;
				PRODUCT_BUNDLE_IDENTIFIER = com.kishe.sizuha.AniNow;
				PRODUCT_NAME = "$(TARGET_NAME)";
				PROVISIONING_PROFILE_SPECIFIER = "";
				SWIFT_VERSION = 5.0;
				TARGETED_DEVICE_FAMILY = 1;
			};
			name = Release;
		};
		D5AE2E4A21B101B400906CC7 /* Debug */ = {
			isa = XCBuildConfiguration;
			buildSettings = {
				ALWAYS_EMBED_SWIFT_STANDARD_LIBRARIES = YES;
				BUNDLE_LOADER = "$(TEST_HOST)";
				CODE_SIGN_STYLE = Automatic;
				DEVELOPMENT_TEAM = R8QQLU625A;
				INFOPLIST_FILE = AniNowTests/Info.plist;
				LD_RUNPATH_SEARCH_PATHS = (
					"$(inherited)",
					"@executable_path/Frameworks",
					"@loader_path/Frameworks",
				);
				PRODUCT_BUNDLE_IDENTIFIER = com.kishe.sizuha.AniNowTests;
				PRODUCT_NAME = "$(TARGET_NAME)";
				SWIFT_VERSION = 5.0;
				TARGETED_DEVICE_FAMILY = "1,2";
				TEST_HOST = "$(BUILT_PRODUCTS_DIR)/AniNow.app/AniNow";
			};
			name = Debug;
		};
		D5AE2E4B21B101B400906CC7 /* Release */ = {
			isa = XCBuildConfiguration;
			buildSettings = {
				ALWAYS_EMBED_SWIFT_STANDARD_LIBRARIES = YES;
				BUNDLE_LOADER = "$(TEST_HOST)";
				CODE_SIGN_STYLE = Automatic;
				DEVELOPMENT_TEAM = R8QQLU625A;
				INFOPLIST_FILE = AniNowTests/Info.plist;
				LD_RUNPATH_SEARCH_PATHS = (
					"$(inherited)",
					"@executable_path/Frameworks",
					"@loader_path/Frameworks",
				);
				PRODUCT_BUNDLE_IDENTIFIER = com.kishe.sizuha.AniNowTests;
				PRODUCT_NAME = "$(TARGET_NAME)";
				SWIFT_VERSION = 5.0;
				TARGETED_DEVICE_FAMILY = "1,2";
				TEST_HOST = "$(BUILT_PRODUCTS_DIR)/AniNow.app/AniNow";
			};
			name = Release;
		};
		D5AE2E4D21B101B400906CC7 /* Debug */ = {
			isa = XCBuildConfiguration;
			buildSettings = {
				ALWAYS_EMBED_SWIFT_STANDARD_LIBRARIES = YES;
				CODE_SIGN_STYLE = Automatic;
				DEVELOPMENT_TEAM = R8QQLU625A;
				INFOPLIST_FILE = AniNowUITests/Info.plist;
				LD_RUNPATH_SEARCH_PATHS = (
					"$(inherited)",
					"@executable_path/Frameworks",
					"@loader_path/Frameworks",
				);
				PRODUCT_BUNDLE_IDENTIFIER = com.kishe.sizuha.AniNowUITests;
				PRODUCT_NAME = "$(TARGET_NAME)";
				SWIFT_VERSION = 5.0;
				TARGETED_DEVICE_FAMILY = "1,2";
				TEST_TARGET_NAME = AniNow;
			};
			name = Debug;
		};
		D5AE2E4E21B101B400906CC7 /* Release */ = {
			isa = XCBuildConfiguration;
			buildSettings = {
				ALWAYS_EMBED_SWIFT_STANDARD_LIBRARIES = YES;
				CODE_SIGN_STYLE = Automatic;
				DEVELOPMENT_TEAM = R8QQLU625A;
				INFOPLIST_FILE = AniNowUITests/Info.plist;
				LD_RUNPATH_SEARCH_PATHS = (
					"$(inherited)",
					"@executable_path/Frameworks",
					"@loader_path/Frameworks",
				);
				PRODUCT_BUNDLE_IDENTIFIER = com.kishe.sizuha.AniNowUITests;
				PRODUCT_NAME = "$(TARGET_NAME)";
				SWIFT_VERSION = 5.0;
				TARGETED_DEVICE_FAMILY = "1,2";
				TEST_TARGET_NAME = AniNow;
			};
			name = Release;
		};
/* End XCBuildConfiguration section */

/* Begin XCConfigurationList section */
		D5AE2E1721B101B200906CC7 /* Build configuration list for PBXProject "AniNow" */ = {
			isa = XCConfigurationList;
			buildConfigurations = (
				D5AE2E4421B101B400906CC7 /* Debug */,
				D5AE2E4521B101B400906CC7 /* Release */,
			);
			defaultConfigurationIsVisible = 0;
			defaultConfigurationName = Release;
		};
		D5AE2E4621B101B400906CC7 /* Build configuration list for PBXNativeTarget "AniNow" */ = {
			isa = XCConfigurationList;
			buildConfigurations = (
				D5AE2E4721B101B400906CC7 /* Debug */,
				D5AE2E4821B101B400906CC7 /* Release */,
			);
			defaultConfigurationIsVisible = 0;
			defaultConfigurationName = Release;
		};
		D5AE2E4921B101B400906CC7 /* Build configuration list for PBXNativeTarget "AniNowTests" */ = {
			isa = XCConfigurationList;
			buildConfigurations = (
				D5AE2E4A21B101B400906CC7 /* Debug */,
				D5AE2E4B21B101B400906CC7 /* Release */,
			);
			defaultConfigurationIsVisible = 0;
			defaultConfigurationName = Release;
		};
		D5AE2E4C21B101B400906CC7 /* Build configuration list for PBXNativeTarget "AniNowUITests" */ = {
			isa = XCConfigurationList;
			buildConfigurations = (
				D5AE2E4D21B101B400906CC7 /* Debug */,
				D5AE2E4E21B101B400906CC7 /* Release */,
			);
			defaultConfigurationIsVisible = 0;
			defaultConfigurationName = Release;
		};
/* End XCConfigurationList section */

/* Begin XCRemoteSwiftPackageReference section */
		0D5C1C0624D978EB00C5B4EC /* XCRemoteSwiftPackageReference "squery-swift" */ = {
			isa = XCRemoteSwiftPackageReference;
			repositoryURL = "https://github.com/Sizuha/squery-swift";
			requirement = {
				branch = master;
				kind = branch;
			};
		};
		0D5C1C0924D978F900C5B4EC /* XCRemoteSwiftPackageReference "SizUI-iOS" */ = {
			isa = XCRemoteSwiftPackageReference;
			repositoryURL = "https://github.com/Sizuha/SizUI-iOS";
			requirement = {
				branch = dev;
				kind = branch;
			};
		};
		0D5C1C0C24D9790C00C5B4EC /* XCRemoteSwiftPackageReference "SizUtil-iOS" */ = {
			isa = XCRemoteSwiftPackageReference;
			repositoryURL = "https://github.com/Sizuha/SizUtil-iOS";
			requirement = {
				branch = master;
				kind = branch;
			};
		};
/* End XCRemoteSwiftPackageReference section */

/* Begin XCSwiftPackageProductDependency section */
		0D5C1C0724D978EB00C5B4EC /* SQuery */ = {
			isa = XCSwiftPackageProductDependency;
			package = 0D5C1C0624D978EB00C5B4EC /* XCRemoteSwiftPackageReference "squery-swift" */;
			productName = SQuery;
		};
		0D5C1C0A24D978F900C5B4EC /* SizUI */ = {
			isa = XCSwiftPackageProductDependency;
			package = 0D5C1C0924D978F900C5B4EC /* XCRemoteSwiftPackageReference "SizUI-iOS" */;
			productName = SizUI;
		};
		0D5C1C0D24D9790C00C5B4EC /* SizUtil */ = {
			isa = XCSwiftPackageProductDependency;
			package = 0D5C1C0C24D9790C00C5B4EC /* XCRemoteSwiftPackageReference "SizUtil-iOS" */;
			productName = SizUtil;
		};
/* End XCSwiftPackageProductDependency section */
	};
	rootObject = D5AE2E1421B101B200906CC7 /* Project object */;
}
